DEPENDENCIES
  QS-provision
    path: .
    metadata: true

GRAPH
  QS-provision (0.1.0)
    chef-solo-search (>= 0.0.0)
    git (>= 0.0.0)
    mysql (>= 0.0.0)
    openssh (>= 0.0.0)
    rbenv (>= 0.0.0)
    sudo (>= 0.0.0)
    users (>= 0.0.0)
  apt (2.7.0)
  build-essential (2.2.3)
  chef-solo-search (0.5.1)
  chef_handler (1.1.9)
  dmg (2.2.2)
  git (4.2.2)
    build-essential (>= 0.0.0)
    dmg (>= 0.0.0)
    windows (>= 0.0.0)
    yum-epel (>= 0.0.0)
  iptables (1.0.0)
  mysql (6.0.23)
    smf (>= 0.0.0)
    yum-mysql-community (>= 0.0.0)
  ohai (2.0.1)
  openssh (1.4.0)
    iptables (>= 0.0.0)
  rbac (1.0.3)
  rbenv (1.7.1)
    apt (>= 0.0.0)
    build-essential (>= 0.0.0)
    git (>= 0.0.0)
    ohai (>= 1.1)
  smf (2.2.7)
    rbac (>= 1.0.1)
  sudo (2.7.1)
  users (1.8.2)
  windows (1.37.0)
    chef_handler (>= 0.0.0)
  yum (3.6.1)
  yum-epel (0.6.2)
    yum (~> 3.2)
  yum-mysql-community (0.1.17)
    yum (>= 3.0)
